
Microsoft Visual Studio Solution File, Format Version 12.00
# Visual Studio Version 16
VisualStudioVersion = 16.0.31424.327
MinimumVisualStudioVersion = 10.0.40219.1
Project("{FAE04EC0-301F-11D3-BF4B-00C04F79EFBC}") = "AddressBookUsingRestAPI", "AddressBookUsingRestAPI\AddressBookUsingRestAPI.csproj", "{9043F626-C16A-4ACA-B880-69BBC7FBFAC1}"
EndProject
Global
	GlobalSection(SolutionConfigurationPlatforms) = preSolution
		Debug|Any CPU = Debug|Any CPU
		Release|Any CPU = Release|Any CPU
	EndGlobalSection
	GlobalSection(ProjectConfigurationPlatforms) = postSolution
		{9043F626-C16A-4ACA-B880-69BBC7FBFAC1}.Debug|Any CPU.ActiveCfg = Debug|Any CPU
		{9043F626-C16A-4ACA-B880-69BBC7FBFAC1}.Debug|Any CPU.Build.0 = Debug|Any CPU
		{9043F626-C16A-4ACA-B880-69BBC7FBFAC1}.Release|Any CPU.ActiveCfg = Release|Any CPU
		{9043F626-C16A-4ACA-B880-69BBC7FBFAC1}.Release|Any CPU.Build.0 = Release|Any CPU
	EndGlobalSection
	GlobalSection(SolutionProperties) = preSolution
		HideSolutionNode = FALSE
	EndGlobalSection
	GlobalSection(ExtensibilityGlobals) = postSolution
		SolutionGuid = {6EBF6FBA-952D-4AED-A997-1045CB689292}
	EndGlobalSection
EndGlobal
